{
    "name": "@nacho-iot/js-tools",
    "version": "0.1.7",
    "lockfileVersion": 3,
    "requires": true,
    "packages": {
        "": {
            "name": "@nacho-iot/js-tools",
            "version": "0.1.7",
            "license": "Apache-2.0",
            "dependencies": {
                "@microsoft/tsdoc": "^0.16.0",
                "@typescript/native-preview": "^7.0.0-dev.20260621.1",
                "ansi-colors": "^4.1.3",
                "commander": "^15.0.0",
                "detective-typescript": "^15.0.0",
                "esbuild": "^0.28.1",
                "minimatch": "^10.2.5",
                "type-fest": "^5.7.0",
                "typedoc": "^0.28.19",
                "typedoc-github-theme": "^0.4.0",
                "typescript": "~6.0.2"
            },
            "bin": {
                "nacho-build": "bin/build.js",
                "nacho-run": "bin/run.js"
            },
            "devDependencies": {
                "@types/madge": "^5.0.3",
                "@types/node": "^26.0.1"
            },
            "engines": {
                "node": ">=20"
            },
            "optionalDependencies": {
                "@esbuild/linux-x64": "^0.28.1"
            }
        },
        "node_modules/@babel/helper-string-parser": {
            "version": "7.27.1",
            "resolved": "https://registry.npmjs.org/@babel/helper-string-parser/-/helper-string-parser-7.27.1.tgz",
            "integrity": "sha512-qMlSxKbpRlAridDExk92nSobyDdpPijUq2DW6oDnUqd0iOGxmQjyqhMIihI9+zv4LPyZdRje2cavWPbCbWm3eA==",
            "license": "MIT",
            "engines": {
                "node": ">=6.9.0"
            }
        },
        "node_modules/@babel/helper-validator-identifier": {
            "version": "7.28.5",
            "resolved": "https://registry.npmjs.org/@babel/helper-validator-identifier/-/helper-validator-identifier-7.28.5.tgz",
            "integrity": "sha512-qSs4ifwzKJSV39ucNjsvc6WVHs6b7S03sOh2OcHF9UHfVPqWWALUsNUVzhSBiItjRZoLHx7nIarVjqKVusUZ1Q==",
            "license": "MIT",
            "engines": {
                "node": ">=6.9.0"
            }
        },
        "node_modules/@babel/parser": {
            "version": "7.29.3",
            "resolved": "https://registry.npmjs.org/@babel/parser/-/parser-7.29.3.tgz",
            "integrity": "sha512-b3ctpQwp+PROvU/cttc4OYl4MzfJUWy6FZg+PMXfzmt/+39iHVF0sDfqay8TQM3JA2EUOyKcFZt75jWriQijsA==",
            "license": "MIT",
            "dependencies": {
                "@babel/types": "^7.29.0"
            },
            "bin": {
                "parser": "bin/babel-parser.js"
            },
            "engines": {
                "node": ">=6.0.0"
            }
        },
        "node_modules/@babel/types": {
            "version": "7.29.0",
            "resolved": "https://registry.npmjs.org/@babel/types/-/types-7.29.0.tgz",
            "integrity": "sha512-LwdZHpScM4Qz8Xw2iKSzS+cfglZzJGvofQICy7W7v4caru4EaAmyUuO6BGrbyQ2mYV11W0U8j5mBhd14dd3B0A==",
            "license": "MIT",
            "dependencies": {
                "@babel/helper-string-parser": "^7.27.1",
                "@babel/helper-validator-identifier": "^7.28.5"
            },
            "engines": {
                "node": ">=6.9.0"
            }
        },
        "node_modules/@esbuild/aix-ppc64": {
            "version": "0.28.1",
            "resolved": "https://registry.npmjs.org/@esbuild/aix-ppc64/-/aix-ppc64-0.28.1.tgz",
            "integrity": "sha512-Svl7tq8k/08+p6CXPpRjQ1fKX+1odH/BQbb48fV6fj3CWHhsoIOoY87w1oHXm0qEpkIK3ZfVgp0hed3XBXzXMQ==",
            "cpu": [
                "ppc64"
            ],
            "license": "MIT",
            "optional": true,
            "os": [
                "aix"
            ],
            "engines": {
                "node": ">=18"
            }
        },
        "node_modules/@esbuild/android-arm": {
            "version": "0.28.1",
            "resolved": "https://registry.npmjs.org/@esbuild/android-arm/-/android-arm-0.28.1.tgz",
            "integrity": "sha512-0k2F129Xdio1TdJfzJ8sy1Q47vUD2NnwdhiAf7drUN1EBTfPf4hsFCtmMgu/6m8JSzsBrlmVjudMBQqOfG8usQ==",
            "cpu": [
                "arm"
            ],
            "license": "MIT",
            "optional": true,
            "os": [
                "android"
            ],
            "engines": {
                "node": ">=18"
            }
        },
        "node_modules/@esbuild/android-arm64": {
            "version": "0.28.1",
            "resolved": "https://registry.npmjs.org/@esbuild/android-arm64/-/android-arm64-0.28.1.tgz",
            "integrity": "sha512-34EGEbCIAgosYz6goLcopX6Mo7NyGv9tfwEM2/7Ce2VcVRk568iSvniGWcUXIy7wEDR1wzolcxcriFVrWYcwBg==",
            "cpu": [
                "arm64"
            ],
            "license": "MIT",
            "optional": true,
            "os": [
                "android"
            ],
            "engines": {
                "node": ">=18"
            }
        },
        "node_modules/@esbuild/android-x64": {
            "version": "0.28.1",
            "resolved": "https://registry.npmjs.org/@esbuild/android-x64/-/android-x64-0.28.1.tgz",
            "integrity": "sha512-dbwY7ltSMDWsRatcRpCnES4F+im88OCUgGZjy52shC7GqHRE/cYlxNbB4Z4UpJswpcc4Qxd2oE/ufM0p61IKng==",
            "cpu": [
                "x64"
            ],
            "license": "MIT",
            "optional": true,
            "os": [
                "android"
            ],
            "engines": {
                "node": ">=18"
            }
        },
        "node_modules/@esbuild/darwin-arm64": {
            "version": "0.28.1",
            "resolved": "https://registry.npmjs.org/@esbuild/darwin-arm64/-/darwin-arm64-0.28.1.tgz",
            "integrity": "sha512-TZbWkQY7kvTAXbXUT7uVACR5cMHsDiSz9z7ZKAX/RTq/WJEk3QyRr0wZpNhBDX+/0CtdqUIJlOiodQcta6tY3Q==",
            "cpu": [
                "arm64"
            ],
            "license": "MIT",
            "optional": true,
            "os": [
                "darwin"
            ],
            "engines": {
                "node": ">=18"
            }
        },
        "node_modules/@esbuild/darwin-x64": {
            "version": "0.28.1",
            "resolved": "https://registry.npmjs.org/@esbuild/darwin-x64/-/darwin-x64-0.28.1.tgz",
            "integrity": "sha512-zfdzgK9ACBNZLI/CyHTOx81SyNbM6YXn7rxSgX97VjyiPl9W1i4Ka4fgKECEoFCKGpvBj5qArWIGgQjOwkgskQ==",
            "cpu": [
                "x64"
            ],
            "license": "MIT",
            "optional": true,
            "os": [
                "darwin"
            ],
            "engines": {
                "node": ">=18"
            }
        },
        "node_modules/@esbuild/freebsd-arm64": {
            "version": "0.28.1",
            "resolved": "https://registry.npmjs.org/@esbuild/freebsd-arm64/-/freebsd-arm64-0.28.1.tgz",
            "integrity": "sha512-wG2EA8ENdEI0qhkSZMjfqrdY+ziCYCPMmtZjjIwOmXFjmyzEHn+UUxk5of+SYsjtfs3VpnlC7QLzSI5hY/rOAw==",
            "cpu": [
                "arm64"
            ],
            "license": "MIT",
            "optional": true,
            "os": [
                "freebsd"
            ],
            "engines": {
                "node": ">=18"
            }
        },
        "node_modules/@esbuild/freebsd-x64": {
            "version": "0.28.1",
            "resolved": "https://registry.npmjs.org/@esbuild/freebsd-x64/-/freebsd-x64-0.28.1.tgz",
            "integrity": "sha512-i7dZ9vQgnvSCzi/rYCXNgtF/U+eKZNJBzu3eTQbRgHnM7tNSizLOkRFAl3qzVc/Op/u5YkHHa4pf/3DOYHthLQ==",
            "cpu": [
                "x64"
            ],
            "license": "MIT",
            "optional": true,
            "os": [
                "freebsd"
            ],
            "engines": {
                "node": ">=18"
            }
        },
        "node_modules/@esbuild/linux-arm": {
            "version": "0.28.1",
            "resolved": "https://registry.npmjs.org/@esbuild/linux-arm/-/linux-arm-0.28.1.tgz",
            "integrity": "sha512-qVXBOHQS+d5Y722GwJzJUtOLlX7km3CraOaGormF1pDtPd2C/l1SHRPgjLunLGe51Sh5YYWKMFDyV4SxgMQYTQ==",
            "cpu": [
                "arm"
            ],
            "license": "MIT",
            "optional": true,
            "os": [
                "linux"
            ],
            "engines": {
                "node": ">=18"
            }
        },
        "node_modules/@esbuild/linux-arm64": {
            "version": "0.28.1",
            "resolved": "https://registry.npmjs.org/@esbuild/linux-arm64/-/linux-arm64-0.28.1.tgz",
            "integrity": "sha512-yHs+0uc8+nvEAfAfxrWQKK5peSNzBc4PegcMO0EJ2hT71uA7vB8Ihg2e77R2P7SG5uYjPbHlLLmve4LLLRCf0g==",
            "cpu": [
                "arm64"
            ],
            "license": "MIT",
            "optional": true,
            "os": [
                "linux"
            ],
            "engines": {
                "node": ">=18"
            }
        },
        "node_modules/@esbuild/linux-ia32": {
            "version": "0.28.1",
            "resolved": "https://registry.npmjs.org/@esbuild/linux-ia32/-/linux-ia32-0.28.1.tgz",
            "integrity": "sha512-d1z4ZuP0ajrfz/FhGT4vv278rX8KnPPJx8i5+AtK7TYbx9Le9F1hyzurZpkEyjkGa9dUGhQow4C1NmeGvqxN2w==",
            "cpu": [
                "ia32"
            ],
            "license": "MIT",
            "optional": true,
            "os": [
                "linux"
            ],
            "engines": {
                "node": ">=18"
            }
        },
        "node_modules/@esbuild/linux-loong64": {
            "version": "0.28.1",
            "resolved": "https://registry.npmjs.org/@esbuild/linux-loong64/-/linux-loong64-0.28.1.tgz",
            "integrity": "sha512-M5sRjUVZrkm1OAPR3dlOYzNmN+loZKGVi1VUQGrwuqLcbR6qeAz+famMhjASeH3YVKvZz+zT1jlh/keC3Rj/lg==",
            "cpu": [
                "loong64"
            ],
            "license": "MIT",
            "optional": true,
            "os": [
                "linux"
            ],
            "engines": {
                "node": ">=18"
            }
        },
        "node_modules/@esbuild/linux-mips64el": {
            "version": "0.28.1",
            "resolved": "https://registry.npmjs.org/@esbuild/linux-mips64el/-/linux-mips64el-0.28.1.tgz",
            "integrity": "sha512-mRObBZeHh2OxcBFPWE/FjylkRgZdYuiTR3vaTozquCGOH14iP9oN4x4Ge81CoIDYQrXmIxpFumJBu5MtZpnQJQ==",
            "cpu": [
                "mips64el"
            ],
            "license": "MIT",
            "optional": true,
            "os": [
                "linux"
            ],
            "engines": {
                "node": ">=18"
            }
        },
        "node_modules/@esbuild/linux-ppc64": {
            "version": "0.28.1",
            "resolved": "https://registry.npmjs.org/@esbuild/linux-ppc64/-/linux-ppc64-0.28.1.tgz",
            "integrity": "sha512-slScBsMAb3GFDcdrCgLwZtPYRoH2H/youv10QiZyRjmsP48fznoveWytSgCI/R0ZcUgpc0ZhIUEx6LHts8yrfQ==",
            "cpu": [
                "ppc64"
            ],
            "license": "MIT",
            "optional": true,
            "os": [
                "linux"
            ],
            "engines": {
                "node": ">=18"
            }
        },
        "node_modules/@esbuild/linux-riscv64": {
            "version": "0.28.1",
            "resolved": "https://registry.npmjs.org/@esbuild/linux-riscv64/-/linux-riscv64-0.28.1.tgz",
            "integrity": "sha512-kw0owk1o0GFETUJyW0jc0G4Yzs0BHZn0JDZ8JRT088vjJYX777BAs1fDGxAC+q831qOs2DTC96mNsG2opdfyyQ==",
            "cpu": [
                "riscv64"
            ],
            "license": "MIT",
            "optional": true,
            "os": [
                "linux"
            ],
            "engines": {
                "node": ">=18"
            }
        },
        "node_modules/@esbuild/linux-s390x": {
            "version": "0.28.1",
            "resolved": "https://registry.npmjs.org/@esbuild/linux-s390x/-/linux-s390x-0.28.1.tgz",
            "integrity": "sha512-/lAIjX8aYFRByhh6L5rYtPEDRqa9de/4V/juOXcta5frjvzXO4/sqEtyytse0g3zZFuWu5cDN0MkLz2qRDD2Ag==",
            "cpu": [
                "s390x"
            ],
            "license": "MIT",
            "optional": true,
            "os": [
                "linux"
            ],
            "engines": {
                "node": ">=18"
            }
        },
        "node_modules/@esbuild/linux-x64": {
            "version": "0.28.1",
            "resolved": "https://registry.npmjs.org/@esbuild/linux-x64/-/linux-x64-0.28.1.tgz",
            "integrity": "sha512-u/anNYF2mmVOEDwLtnQ1wOr3EZ9sTNGLWrsYGYwHWzGA3Si84IOkHXlbWTD1NB+9/1lcnweYKO54uhxZydNzfA==",
            "cpu": [
                "x64"
            ],
            "license": "MIT",
            "optional": true,
            "os": [
                "linux"
            ],
            "engines": {
                "node": ">=18"
            }
        },
        "node_modules/@esbuild/netbsd-arm64": {
            "version": "0.28.1",
            "resolved": "https://registry.npmjs.org/@esbuild/netbsd-arm64/-/netbsd-arm64-0.28.1.tgz",
            "integrity": "sha512-oks0DYbLwWMmaakTsCb+zL4E+aHRVLom9IJZOAthMQEPiQmydXHkziYEsGYRx0uNV/IjEKGAV941JzH02pflqw==",
            "cpu": [
                "arm64"
            ],
            "license": "MIT",
            "optional": true,
            "os": [
                "netbsd"
            ],
            "engines": {
                "node": ">=18"
            }
        },
        "node_modules/@esbuild/netbsd-x64": {
            "version": "0.28.1",
            "resolved": "https://registry.npmjs.org/@esbuild/netbsd-x64/-/netbsd-x64-0.28.1.tgz",
            "integrity": "sha512-aeL6lAnN89Hz43Mlh1G8ARasbuoYvSITDEx0tHh5b7jJnHcssqgjy9Yx430GDpmCa6OyrKoS0aNRjKundRizGg==",
            "cpu": [
                "x64"
            ],
            "license": "MIT",
            "optional": true,
            "os": [
                "netbsd"
            ],
            "engines": {
                "node": ">=18"
            }
        },
        "node_modules/@esbuild/openbsd-arm64": {
            "version": "0.28.1",
            "resolved": "https://registry.npmjs.org/@esbuild/openbsd-arm64/-/openbsd-arm64-0.28.1.tgz",
            "integrity": "sha512-MEFJe5C3R8pwXdZ5Y21oo6m7ePiS0d9pWucn99O/wvyJZChoIQKrQDxKrGeW8F5+T0okTHesAmDeiHDTIq0V/Q==",
            "cpu": [
                "arm64"
            ],
            "license": "MIT",
            "optional": true,
            "os": [
                "openbsd"
            ],
            "engines": {
                "node": ">=18"
            }
        },
        "node_modules/@esbuild/openbsd-x64": {
            "version": "0.28.1",
            "resolved": "https://registry.npmjs.org/@esbuild/openbsd-x64/-/openbsd-x64-0.28.1.tgz",
            "integrity": "sha512-i/ZLIOafE0Z8cI/XANJAixoJL/uRAoS2xOA3rb0xN+KK0K177cMAsQYkzHtBrtMXAKuAc7HGgcWiZ/sRC1Nxgw==",
            "cpu": [
                "x64"
            ],
            "license": "MIT",
            "optional": true,
            "os": [
                "openbsd"
            ],
            "engines": {
                "node": ">=18"
            }
        },
        "node_modules/@esbuild/openharmony-arm64": {
            "version": "0.28.1",
            "resolved": "https://registry.npmjs.org/@esbuild/openharmony-arm64/-/openharmony-arm64-0.28.1.tgz",
            "integrity": "sha512-ge+Z7EXFNt2BO1oAMsVpiQ8EwndV9i1xXerAeTIK7AtPs3bKFXQM7nlRxDSIUIMeueR1CNXxqztLzdNeReKBJg==",
            "cpu": [
                "arm64"
            ],
            "license": "MIT",
            "optional": true,
            "os": [
                "openharmony"
            ],
            "engines": {
                "node": ">=18"
            }
        },
        "node_modules/@esbuild/sunos-x64": {
            "version": "0.28.1",
            "resolved": "https://registry.npmjs.org/@esbuild/sunos-x64/-/sunos-x64-0.28.1.tgz",
            "integrity": "sha512-BEjgtECkL3vY+SaSQ6nzVfiALUeFxpawyp8Jmf5PtYhf1Ug40N1h/hxlhts+f1FvSvarEigdxS3BlSMI2PJLcQ==",
            "cpu": [
                "x64"
            ],
            "license": "MIT",
            "optional": true,
            "os": [
                "sunos"
            ],
            "engines": {
                "node": ">=18"
            }
        },
        "node_modules/@esbuild/win32-arm64": {
            "version": "0.28.1",
            "resolved": "https://registry.npmjs.org/@esbuild/win32-arm64/-/win32-arm64-0.28.1.tgz",
            "integrity": "sha512-lCv9eK/H6ZJWbE7bh2nw54CZ9M2nupBxJcTsdk/QQnWkdSjKGuxmmH8/GWrlT1eMmZfn4dGcCjRte397WqfQXA==",
            "cpu": [
                "arm64"
            ],
            "license": "MIT",
            "optional": true,
            "os": [
                "win32"
            ],
            "engines": {
                "node": ">=18"
            }
        },
        "node_modules/@esbuild/win32-ia32": {
            "version": "0.28.1",
            "resolved": "https://registry.npmjs.org/@esbuild/win32-ia32/-/win32-ia32-0.28.1.tgz",
            "integrity": "sha512-zvb/mB2bSCoJOpoCBgYKKpX6YM6mJBlBUVUtVj41DlZJVEB6/0CKlRYxP5wWl1C1ILiCoAU5wZZ4q1P3qeS6Eg==",
            "cpu": [
                "ia32"
            ],
            "license": "MIT",
            "optional": true,
            "os": [
                "win32"
            ],
            "engines": {
                "node": ">=18"
            }
        },
        "node_modules/@esbuild/win32-x64": {
            "version": "0.28.1",
            "resolved": "https://registry.npmjs.org/@esbuild/win32-x64/-/win32-x64-0.28.1.tgz",
            "integrity": "sha512-bm4Mowrv+GXMlpWX++EcXw/iLyd1o3+bJkC2DkWXYVvgZCqD/bSj9ctZeAMC3cIxgjRVR2Dufaiu4YPxr5gW1A==",
            "cpu": [
                "x64"
            ],
            "license": "MIT",
            "optional": true,
            "os": [
                "win32"
            ],
            "engines": {
                "node": ">=18"
            }
        },
        "node_modules/@gerrit0/mini-shiki": {
            "version": "3.23.0",
            "resolved": "https://registry.npmjs.org/@gerrit0/mini-shiki/-/mini-shiki-3.23.0.tgz",
            "integrity": "sha512-bEMORlG0cqdjVyCEuU0cDQbORWX+kYCeo0kV1lbxF5bt4r7SID2l9bqsxJEM0zndaxpOUT7riCyIVEuqq/Ynxg==",
            "license": "MIT",
            "dependencies": {
                "@shikijs/engine-oniguruma": "^3.23.0",
                "@shikijs/langs": "^3.23.0",
                "@shikijs/themes": "^3.23.0",
                "@shikijs/types": "^3.23.0",
                "@shikijs/vscode-textmate": "^10.0.2"
            }
        },
        "node_modules/@microsoft/tsdoc": {
            "version": "0.16.0",
            "resolved": "https://registry.npmjs.org/@microsoft/tsdoc/-/tsdoc-0.16.0.tgz",
            "integrity": "sha512-xgAyonlVVS+q7Vc7qLW0UrJU7rSFcETRWsqdXZtjzRU8dF+6CkozTK4V4y1LwOX7j8r/vHphjDeMeGI4tNGeGA==",
            "license": "MIT"
        },
        "node_modules/@shikijs/engine-oniguruma": {
            "version": "3.23.0",
            "resolved": "https://registry.npmjs.org/@shikijs/engine-oniguruma/-/engine-oniguruma-3.23.0.tgz",
            "integrity": "sha512-1nWINwKXxKKLqPibT5f4pAFLej9oZzQTsby8942OTlsJzOBZ0MWKiwzMsd+jhzu8YPCHAswGnnN1YtQfirL35g==",
            "license": "MIT",
            "dependencies": {
                "@shikijs/types": "3.23.0",
                "@shikijs/vscode-textmate": "^10.0.2"
            }
        },
        "node_modules/@shikijs/langs": {
            "version": "3.23.0",
            "resolved": "https://registry.npmjs.org/@shikijs/langs/-/langs-3.23.0.tgz",
            "integrity": "sha512-2Ep4W3Re5aB1/62RSYQInK9mM3HsLeB91cHqznAJMuylqjzNVAVCMnNWRHFtcNHXsoNRayP9z1qj4Sq3nMqYXg==",
            "license": "MIT",
            "dependencies": {
                "@shikijs/types": "3.23.0"
            }
        },
        "node_modules/@shikijs/themes": {
            "version": "3.23.0",
            "resolved": "https://registry.npmjs.org/@shikijs/themes/-/themes-3.23.0.tgz",
            "integrity": "sha512-5qySYa1ZgAT18HR/ypENL9cUSGOeI2x+4IvYJu4JgVJdizn6kG4ia5Q1jDEOi7gTbN4RbuYtmHh0W3eccOrjMA==",
            "license": "MIT",
            "dependencies": {
                "@shikijs/types": "3.23.0"
            }
        },
        "node_modules/@shikijs/types": {
            "version": "3.23.0",
            "resolved": "https://registry.npmjs.org/@shikijs/types/-/types-3.23.0.tgz",
            "integrity": "sha512-3JZ5HXOZfYjsYSk0yPwBrkupyYSLpAE26Qc0HLghhZNGTZg/SKxXIIgoxOpmmeQP0RRSDJTk1/vPfw9tbw+jSQ==",
            "license": "MIT",
            "dependencies": {
                "@shikijs/vscode-textmate": "^10.0.2",
                "@types/hast": "^3.0.4"
            }
        },
        "node_modules/@shikijs/vscode-textmate": {
            "version": "10.0.2",
            "resolved": "https://registry.npmjs.org/@shikijs/vscode-textmate/-/vscode-textmate-10.0.2.tgz",
            "integrity": "sha512-83yeghZ2xxin3Nj8z1NMd/NCuca+gsYXswywDy5bHvwlWL8tpTQmzGeUuHd9FC3E/SBEMvzJRwWEOz5gGes9Qg==",
            "license": "MIT"
        },
        "node_modules/@types/hast": {
            "version": "3.0.4",
            "resolved": "https://registry.npmjs.org/@types/hast/-/hast-3.0.4.tgz",
            "integrity": "sha512-WPs+bbQw5aCj+x6laNGWLH3wviHtoCv/P3+otBhbOhJgG8qtpdAMlTCxLtsTWA7LH1Oh/bFCHsBn0TPS5m30EQ==",
            "license": "MIT",
            "dependencies": {
                "@types/unist": "*"
            }
        },
        "node_modules/@types/madge": {
            "version": "5.0.3",
            "resolved": "https://registry.npmjs.org/@types/madge/-/madge-5.0.3.tgz",
            "integrity": "sha512-NlQJd0qRAoyu+pawTDhLxkW940QT2dqASfwd2g/xEZu2F4Xjwa7TVRSPdbmZwUF1ygvAh0/nepeN7JjwEuOXCA==",
            "dev": true,
            "license": "MIT",
            "dependencies": {
                "@types/node": "*"
            }
        },
        "node_modules/@types/node": {
            "version": "26.0.1",
            "resolved": "https://registry.npmjs.org/@types/node/-/node-26.0.1.tgz",
            "integrity": "sha512-fc3KiUoBt6kie0N9bIW3E47vZsuaMf0PM2AaUpLCLT0s/LvX1nxAim6Fc049cNxODPpGm6qRAuUOB86SkRuPQw==",
            "dev": true,
            "license": "MIT",
            "dependencies": {
                "undici-types": "~8.3.0"
            }
        },
        "node_modules/@types/unist": {
            "version": "3.0.3",
            "resolved": "https://registry.npmjs.org/@types/unist/-/unist-3.0.3.tgz",
            "integrity": "sha512-ko/gIFJRv177XgZsZcBwnqJN5x/Gien8qNOn0D5bQU/zAzVf9Zt3BlcUiLqhV9y4ARk0GbT3tnUiPNgnTXzc/Q==",
            "license": "MIT"
        },
        "node_modules/@typescript-eslint/project-service": {
            "version": "8.59.4",
            "resolved": "https://registry.npmjs.org/@typescript-eslint/project-service/-/project-service-8.59.4.tgz",
            "integrity": "sha512-Ly00Vu4oAacfDeHp2Zg85ioNG6l8HG+tN1D7J+xTHSxu9y0awYKJ2zH1rFBn8ZSfuGK+7FxK3Cgl3uAz0aZZLg==",
            "license": "MIT",
            "dependencies": {
                "@typescript-eslint/tsconfig-utils": "^8.59.4",
                "@typescript-eslint/types": "^8.59.4",
                "debug": "^4.4.3"
            },
            "engines": {
                "node": "^18.18.0 || ^20.9.0 || >=21.1.0"
            },
            "funding": {
                "type": "opencollective",
                "url": "https://opencollective.com/typescript-eslint"
            },
            "peerDependencies": {
                "typescript": ">=4.8.4 <6.1.0"
            }
        },
        "node_modules/@typescript-eslint/tsconfig-utils": {
            "version": "8.59.4",
            "resolved": "https://registry.npmjs.org/@typescript-eslint/tsconfig-utils/-/tsconfig-utils-8.59.4.tgz",
            "integrity": "sha512-DLCpnKgD4alVxTBSKulK+gU1KCqOgUXfDRDXh2mZgzokQKa/70ax93I2uVO3m/LLvIAtWZIFoiifudmIqAxpMA==",
            "license": "MIT",
            "engines": {
                "node": "^18.18.0 || ^20.9.0 || >=21.1.0"
            },
            "funding": {
                "type": "opencollective",
                "url": "https://opencollective.com/typescript-eslint"
            },
            "peerDependencies": {
                "typescript": ">=4.8.4 <6.1.0"
            }
        },
        "node_modules/@typescript-eslint/types": {
            "version": "8.59.4",
            "resolved": "https://registry.npmjs.org/@typescript-eslint/types/-/types-8.59.4.tgz",
            "integrity": "sha512-F1o7WJcCq+bc8dwcO/YsSEOudAH8RDtaOhM6wcAQhcUsFhnWQl81JKy48q1hoxAU0qrzM89+31GYh1515Zde3Q==",
            "license": "MIT",
            "engines": {
                "node": "^18.18.0 || ^20.9.0 || >=21.1.0"
            },
            "funding": {
                "type": "opencollective",
                "url": "https://opencollective.com/typescript-eslint"
            }
        },
        "node_modules/@typescript-eslint/typescript-estree": {
            "version": "8.59.4",
            "resolved": "https://registry.npmjs.org/@typescript-eslint/typescript-estree/-/typescript-estree-8.59.4.tgz",
            "integrity": "sha512-F+RuOmcDXo4+TPdfd/TCLS3m2nw8gE9XXyZLrA3JBfaA5tz9TtdkyD3YJFmPxulyc2cKbEok/CvFE3MgSLWnag==",
            "license": "MIT",
            "dependencies": {
                "@typescript-eslint/project-service": "8.59.4",
                "@typescript-eslint/tsconfig-utils": "8.59.4",
                "@typescript-eslint/types": "8.59.4",
                "@typescript-eslint/visitor-keys": "8.59.4",
                "debug": "^4.4.3",
                "minimatch": "^10.2.2",
                "semver": "^7.7.3",
                "tinyglobby": "^0.2.15",
                "ts-api-utils": "^2.5.0"
            },
            "engines": {
                "node": "^18.18.0 || ^20.9.0 || >=21.1.0"
            },
            "funding": {
                "type": "opencollective",
                "url": "https://opencollective.com/typescript-eslint"
            },
            "peerDependencies": {
                "typescript": ">=4.8.4 <6.1.0"
            }
        },
        "node_modules/@typescript-eslint/visitor-keys": {
            "version": "8.59.4",
            "resolved": "https://registry.npmjs.org/@typescript-eslint/visitor-keys/-/visitor-keys-8.59.4.tgz",
            "integrity": "sha512-U3gxVaDVnuZKhSspW/MzMxE1kq7zOdc072FcSNoqA1I9p8HyKbBFfEHoWckBAMgNMph4MamwS5iTVzFmrnt8TQ==",
            "license": "MIT",
            "dependencies": {
                "@typescript-eslint/types": "8.59.4",
                "eslint-visitor-keys": "^5.0.0"
            },
            "engines": {
                "node": "^18.18.0 || ^20.9.0 || >=21.1.0"
            },
            "funding": {
                "type": "opencollective",
                "url": "https://opencollective.com/typescript-eslint"
            }
        },
        "node_modules/@typescript/native-preview": {
            "version": "7.0.0-dev.20260621.1",
            "resolved": "https://registry.npmjs.org/@typescript/native-preview/-/native-preview-7.0.0-dev.20260621.1.tgz",
            "integrity": "sha512-2epYxi5NDRPOvAG8TPEFd43qDVGHhD4IbIHF0uhsy72OSUbVY2rjEAv1DkW1Q2p/YbszXd7ZL/Ulch8VuDDS1g==",
            "license": "Apache-2.0",
            "bin": {
                "tsgo": "bin/tsgo.js"
            },
            "engines": {
                "node": ">=16.20.0"
            },
            "optionalDependencies": {
                "@typescript/native-preview-darwin-arm64": "7.0.0-dev.20260621.1",
                "@typescript/native-preview-darwin-x64": "7.0.0-dev.20260621.1",
                "@typescript/native-preview-linux-arm": "7.0.0-dev.20260621.1",
                "@typescript/native-preview-linux-arm64": "7.0.0-dev.20260621.1",
                "@typescript/native-preview-linux-x64": "7.0.0-dev.20260621.1",
                "@typescript/native-preview-win32-arm64": "7.0.0-dev.20260621.1",
                "@typescript/native-preview-win32-x64": "7.0.0-dev.20260621.1"
            }
        },
        "node_modules/@typescript/native-preview-darwin-arm64": {
            "version": "7.0.0-dev.20260621.1",
            "resolved": "https://registry.npmjs.org/@typescript/native-preview-darwin-arm64/-/native-preview-darwin-arm64-7.0.0-dev.20260621.1.tgz",
            "integrity": "sha512-E81mNlY2JqZlDqflCvRpt6WhU6ha1SOkRC85o+EmKZJCjBxaaJpBGdwGjIisv2jiEMcHy2OW4ZHcE9GTM1BL2A==",
            "cpu": [
                "arm64"
            ],
            "license": "Apache-2.0",
            "optional": true,
            "os": [
                "darwin"
            ],
            "engines": {
                "node": ">=16.20.0"
            }
        },
        "node_modules/@typescript/native-preview-darwin-x64": {
            "version": "7.0.0-dev.20260621.1",
            "resolved": "https://registry.npmjs.org/@typescript/native-preview-darwin-x64/-/native-preview-darwin-x64-7.0.0-dev.20260621.1.tgz",
            "integrity": "sha512-VS4VF8L0So56tC1jaJ57pMQOGd0Hc1wU0RIMkJi41/dKvcmc/WTRa7hiWJwzZLxXhZoVkdjesT36D9GahoAulg==",
            "cpu": [
                "x64"
            ],
            "license": "Apache-2.0",
            "optional": true,
            "os": [
                "darwin"
            ],
            "engines": {
                "node": ">=16.20.0"
            }
        },
        "node_modules/@typescript/native-preview-linux-arm": {
            "version": "7.0.0-dev.20260621.1",
            "resolved": "https://registry.npmjs.org/@typescript/native-preview-linux-arm/-/native-preview-linux-arm-7.0.0-dev.20260621.1.tgz",
            "integrity": "sha512-2Xp+pu7Xu9EMKxYFiZuyIzd6KUkMn7SvElzgBRwbrhfsk54Jieg2sxyL3aAw9xfzRsEN4m1VrU3Z/iq2gL5OUw==",
            "cpu": [
                "arm"
            ],
            "license": "Apache-2.0",
            "optional": true,
            "os": [
                "linux"
            ],
            "engines": {
                "node": ">=16.20.0"
            }
        },
        "node_modules/@typescript/native-preview-linux-arm64": {
            "version": "7.0.0-dev.20260621.1",
            "resolved": "https://registry.npmjs.org/@typescript/native-preview-linux-arm64/-/native-preview-linux-arm64-7.0.0-dev.20260621.1.tgz",
            "integrity": "sha512-Ek1uLWN6VzqwwTQNu1vcnRW4F3ipqvediLEwJP6uR5P6vrXYE7XvcGLEJcXiw31SR40NhxZW/RhLcJrHQcehrA==",
            "cpu": [
                "arm64"
            ],
            "license": "Apache-2.0",
            "optional": true,
            "os": [
                "linux"
            ],
            "engines": {
                "node": ">=16.20.0"
            }
        },
        "node_modules/@typescript/native-preview-linux-x64": {
            "version": "7.0.0-dev.20260621.1",
            "resolved": "https://registry.npmjs.org/@typescript/native-preview-linux-x64/-/native-preview-linux-x64-7.0.0-dev.20260621.1.tgz",
            "integrity": "sha512-VUhea6+Drw+PHRpsjsY7lNOZtXAlRXLHrpYynJU3jfnSflYgoqkrvlSzWVhcvhkjxGOZsqlIV+5ryy8ANZ6peg==",
            "cpu": [
                "x64"
            ],
            "license": "Apache-2.0",
            "optional": true,
            "os": [
                "linux"
            ],
            "engines": {
                "node": ">=16.20.0"
            }
        },
        "node_modules/@typescript/native-preview-win32-arm64": {
            "version": "7.0.0-dev.20260621.1",
            "resolved": "https://registry.npmjs.org/@typescript/native-preview-win32-arm64/-/native-preview-win32-arm64-7.0.0-dev.20260621.1.tgz",
            "integrity": "sha512-JyxxNWWs2X7WzK90zN8hgGKqP4zo2/y7Z2tlLLaHhSFtEh1AC+tsQun3NBlW9JvF1vHhGI/hPpnoZOxLO0CEWw==",
            "cpu": [
                "arm64"
            ],
            "license": "Apache-2.0",
            "optional": true,
            "os": [
                "win32"
            ],
            "engines": {
                "node": ">=16.20.0"
            }
        },
        "node_modules/@typescript/native-preview-win32-x64": {
            "version": "7.0.0-dev.20260621.1",
            "resolved": "https://registry.npmjs.org/@typescript/native-preview-win32-x64/-/native-preview-win32-x64-7.0.0-dev.20260621.1.tgz",
            "integrity": "sha512-2ijIynqyxK1LkWUpLlmsBKuH7XHk6K4TAwdnfZ7x7BQHF9Z3okIXtKMzOik8fajB3oooVrEvbfOe2Mf+uZ7maQ==",
            "cpu": [
                "x64"
            ],
            "license": "Apache-2.0",
            "optional": true,
            "os": [
                "win32"
            ],
            "engines": {
                "node": ">=16.20.0"
            }
        },
        "node_modules/ansi-colors": {
            "version": "4.1.3",
            "resolved": "https://registry.npmjs.org/ansi-colors/-/ansi-colors-4.1.3.tgz",
            "integrity": "sha512-/6w/C21Pm1A7aZitlI5Ni/2J6FFQN8i1Cvz3kHABAAbw93v/NlvKdVOqz7CCWz/3iv/JplRSEEZ83XION15ovw==",
            "license": "MIT",
            "engines": {
                "node": ">=6"
            }
        },
        "node_modules/argparse": {
            "version": "2.0.1",
            "resolved": "https://registry.npmjs.org/argparse/-/argparse-2.0.1.tgz",
            "integrity": "sha512-8+9WqebbFzpX9OR+Wa6O29asIogeRMzcGtAINdpMHHyAg10f05aSFVBbcEqGf/PXw1EjAZ+q2/bEBg3DvurK3Q==",
            "license": "Python-2.0"
        },
        "node_modules/ast-module-types": {
            "version": "7.0.0",
            "resolved": "https://registry.npmjs.org/ast-module-types/-/ast-module-types-7.0.0.tgz",
            "integrity": "sha512-WZf/zDJlZYMkn+/MSl1uwJzUnDzTpVitUCcvX2oUZzN5ccYTyiiI05249AYCOqMjvbKuwiielm7GfoQKYpH/7A==",
            "license": "MIT",
            "engines": {
                "node": ">=20.19.0 || >=22.12.0"
            }
        },
        "node_modules/balanced-match": {
            "version": "4.0.4",
            "resolved": "https://registry.npmjs.org/balanced-match/-/balanced-match-4.0.4.tgz",
            "integrity": "sha512-BLrgEcRTwX2o6gGxGOCNyMvGSp35YofuYzw9h1IMTRmKqttAZZVU67bdb9Pr2vUHA8+j3i2tJfjO6C6+4myGTA==",
            "license": "MIT",
            "engines": {
                "node": "18 || 20 || >=22"
            }
        },
        "node_modules/brace-expansion": {
            "version": "5.0.5",
            "resolved": "https://registry.npmjs.org/brace-expansion/-/brace-expansion-5.0.5.tgz",
            "integrity": "sha512-VZznLgtwhn+Mact9tfiwx64fA9erHH/MCXEUfB/0bX/6Fz6ny5EGTXYltMocqg4xFAQZtnO3DHWWXi8RiuN7cQ==",
            "license": "MIT",
            "dependencies": {
                "balanced-match": "^4.0.2"
            },
            "engines": {
                "node": "18 || 20 || >=22"
            }
        },
        "node_modules/commander": {
            "version": "15.0.0",
            "resolved": "https://registry.npmjs.org/commander/-/commander-15.0.0.tgz",
            "integrity": "sha512-z67u4ZhzCL/Tydu1lJARtEZYWbWaN7oYLHbsuzocr6y4N6WZAagG3RQ4FW61V1/0+jImpj293XfrcYnd1qxtPg==",
            "license": "MIT",
            "engines": {
                "node": ">=22.12.0"
            }
        },
        "node_modules/debug": {
            "version": "4.4.3",
            "resolved": "https://registry.npmjs.org/debug/-/debug-4.4.3.tgz",
            "integrity": "sha512-RGwwWnwQvkVfavKVt22FGLw+xYSdzARwm0ru6DhTVA3umU5hZc28V3kO4stgYryrTlLpuvgI9GiijltAjNbcqA==",
            "license": "MIT",
            "dependencies": {
                "ms": "^2.1.3"
            },
            "engines": {
                "node": ">=6.0"
            },
            "peerDependenciesMeta": {
                "supports-color": {
                    "optional": true
                }
            }
        },
        "node_modules/detective-typescript": {
            "version": "15.0.0",
            "resolved": "https://registry.npmjs.org/detective-typescript/-/detective-typescript-15.0.0.tgz",
            "integrity": "sha512-4V618NRA+WHrnynSKHaPjNszpkWRNm+SLUtzm3SIeSi+9O5veg+oSBkK1AA+dWhRJnS+5V2nt5iFQuEkB3nvBg==",
            "license": "MIT",
            "dependencies": {
                "@typescript-eslint/typescript-estree": "^8.59.3",
                "ast-module-types": "^7.0.0",
                "node-source-walk": "^8.0.0"
            },
            "engines": {
                "node": ">=20.19.0 || >=22.12.0"
            },
            "peerDependencies": {
                "typescript": "^5.4.4 || ^6.0.2"
            }
        },
        "node_modules/entities": {
            "version": "4.5.0",
            "resolved": "https://registry.npmjs.org/entities/-/entities-4.5.0.tgz",
            "integrity": "sha512-V0hjH4dGPh9Ao5p0MoRY6BVqtwCjhz6vI5LT8AJ55H+4g9/4vbHx1I54fS0XuclLhDHArPQCiMjDxjaL8fPxhw==",
            "license": "BSD-2-Clause",
            "engines": {
                "node": ">=0.12"
            },
            "funding": {
                "url": "https://github.com/fb55/entities?sponsor=1"
            }
        },
        "node_modules/esbuild": {
            "version": "0.28.1",
            "resolved": "https://registry.npmjs.org/esbuild/-/esbuild-0.28.1.tgz",
            "integrity": "sha512-HrJrvZv5ayxBzPfwphOoNzkzOIIlifzk0KJrGK2c8R4+LKpMtpYLQeUdjnwjWv/LZlkH2laZk+4w78pi99D4Vw==",
            "hasInstallScript": true,
            "license": "MIT",
            "bin": {
                "esbuild": "bin/esbuild"
            },
            "engines": {
                "node": ">=18"
            },
            "optionalDependencies": {
                "@esbuild/aix-ppc64": "0.28.1",
                "@esbuild/android-arm": "0.28.1",
                "@esbuild/android-arm64": "0.28.1",
                "@esbuild/android-x64": "0.28.1",
                "@esbuild/darwin-arm64": "0.28.1",
                "@esbuild/darwin-x64": "0.28.1",
                "@esbuild/freebsd-arm64": "0.28.1",
                "@esbuild/freebsd-x64": "0.28.1",
                "@esbuild/linux-arm": "0.28.1",
                "@esbuild/linux-arm64": "0.28.1",
                "@esbuild/linux-ia32": "0.28.1",
                "@esbuild/linux-loong64": "0.28.1",
                "@esbuild/linux-mips64el": "0.28.1",
                "@esbuild/linux-ppc64": "0.28.1",
                "@esbuild/linux-riscv64": "0.28.1",
                "@esbuild/linux-s390x": "0.28.1",
                "@esbuild/linux-x64": "0.28.1",
                "@esbuild/netbsd-arm64": "0.28.1",
                "@esbuild/netbsd-x64": "0.28.1",
                "@esbuild/openbsd-arm64": "0.28.1",
                "@esbuild/openbsd-x64": "0.28.1",
                "@esbuild/openharmony-arm64": "0.28.1",
                "@esbuild/sunos-x64": "0.28.1",
                "@esbuild/win32-arm64": "0.28.1",
                "@esbuild/win32-ia32": "0.28.1",
                "@esbuild/win32-x64": "0.28.1"
            }
        },
        "node_modules/eslint-visitor-keys": {
            "version": "5.0.1",
            "resolved": "https://registry.npmjs.org/eslint-visitor-keys/-/eslint-visitor-keys-5.0.1.tgz",
            "integrity": "sha512-tD40eHxA35h0PEIZNeIjkHoDR4YjjJp34biM0mDvplBe//mB+IHCqHDGV7pxF+7MklTvighcCPPZC7ynWyjdTA==",
            "license": "Apache-2.0",
            "engines": {
                "node": "^20.19.0 || ^22.13.0 || >=24"
            },
            "funding": {
                "url": "https://opencollective.com/eslint"
            }
        },
        "node_modules/fdir": {
            "version": "6.5.0",
            "resolved": "https://registry.npmjs.org/fdir/-/fdir-6.5.0.tgz",
            "integrity": "sha512-tIbYtZbucOs0BRGqPJkshJUYdL+SDH7dVM8gjy+ERp3WAUjLEFJE+02kanyHtwjWOnwrKYBiwAmM0p4kLJAnXg==",
            "license": "MIT",
            "engines": {
                "node": ">=12.0.0"
            },
            "peerDependencies": {
                "picomatch": "^3 || ^4"
            },
            "peerDependenciesMeta": {
                "picomatch": {
                    "optional": true
                }
            }
        },
        "node_modules/linkify-it": {
            "version": "5.0.0",
            "resolved": "https://registry.npmjs.org/linkify-it/-/linkify-it-5.0.0.tgz",
            "integrity": "sha512-5aHCbzQRADcdP+ATqnDuhhJ/MRIqDkZX5pyjFHRRysS8vZ5AbqGEoFIb6pYHPZ+L/OC2Lc+xT8uHVVR5CAK/wQ==",
            "license": "MIT",
            "dependencies": {
                "uc.micro": "^2.0.0"
            }
        },
        "node_modules/lunr": {
            "version": "2.3.9",
            "resolved": "https://registry.npmjs.org/lunr/-/lunr-2.3.9.tgz",
            "integrity": "sha512-zTU3DaZaF3Rt9rhN3uBMGQD3dD2/vFQqnvZCDv4dl5iOzq2IZQqTxu90r4E5J+nP70J3ilqVCrbho2eWaeW8Ow==",
            "license": "MIT"
        },
        "node_modules/markdown-it": {
            "version": "14.1.1",
            "resolved": "https://registry.npmjs.org/markdown-it/-/markdown-it-14.1.1.tgz",
            "integrity": "sha512-BuU2qnTti9YKgK5N+IeMubp14ZUKUUw7yeJbkjtosvHiP0AZ5c8IAgEMk79D0eC8F23r4Ac/q8cAIFdm2FtyoA==",
            "license": "MIT",
            "dependencies": {
                "argparse": "^2.0.1",
                "entities": "^4.4.0",
                "linkify-it": "^5.0.0",
                "mdurl": "^2.0.0",
                "punycode.js": "^2.3.1",
                "uc.micro": "^2.1.0"
            },
            "bin": {
                "markdown-it": "bin/markdown-it.mjs"
            }
        },
        "node_modules/mdurl": {
            "version": "2.0.0",
            "resolved": "https://registry.npmjs.org/mdurl/-/mdurl-2.0.0.tgz",
            "integrity": "sha512-Lf+9+2r+Tdp5wXDXC4PcIBjTDtq4UKjCPMQhKIuzpJNW0b96kVqSwW0bT7FhRSfmAiFYgP+SCRvdrDozfh0U5w==",
            "license": "MIT"
        },
        "node_modules/minimatch": {
            "version": "10.2.5",
            "resolved": "https://registry.npmjs.org/minimatch/-/minimatch-10.2.5.tgz",
            "integrity": "sha512-MULkVLfKGYDFYejP07QOurDLLQpcjk7Fw+7jXS2R2czRQzR56yHRveU5NDJEOviH+hETZKSkIk5c+T23GjFUMg==",
            "license": "BlueOak-1.0.0",
            "dependencies": {
                "brace-expansion": "^5.0.5"
            },
            "engines": {
                "node": "18 || 20 || >=22"
            },
            "funding": {
                "url": "https://github.com/sponsors/isaacs"
            }
        },
        "node_modules/ms": {
            "version": "2.1.3",
            "resolved": "https://registry.npmjs.org/ms/-/ms-2.1.3.tgz",
            "integrity": "sha512-6FlzubTLZG3J2a/NVCAleEhjzq5oxgHyaCU9yYXvcLsvoVaHJq/s5xXI6/XXP6tz7R9xAOtHnSO/tXtF3WRTlA==",
            "license": "MIT"
        },
        "node_modules/node-source-walk": {
            "version": "8.0.0",
            "resolved": "https://registry.npmjs.org/node-source-walk/-/node-source-walk-8.0.0.tgz",
            "integrity": "sha512-/CsHIdZsVgpGm4A7cD+Vdajv2GyqkVPUNtpChugutV/O9e3j1YWkdOWwhWKo0NfRM4r4XoiKtkb4JoLzsCN5vw==",
            "license": "MIT",
            "dependencies": {
                "@babel/parser": "^7.29.3"
            },
            "engines": {
                "node": ">=20.19.0 || >=22.12.0"
            }
        },
        "node_modules/picomatch": {
            "version": "4.0.4",
            "resolved": "https://registry.npmjs.org/picomatch/-/picomatch-4.0.4.tgz",
            "integrity": "sha512-QP88BAKvMam/3NxH6vj2o21R6MjxZUAd6nlwAS/pnGvN9IVLocLHxGYIzFhg6fUQ+5th6P4dv4eW9jX3DSIj7A==",
            "license": "MIT",
            "engines": {
                "node": ">=12"
            },
            "funding": {
                "url": "https://github.com/sponsors/jonschlinkert"
            }
        },
        "node_modules/punycode.js": {
            "version": "2.3.1",
            "resolved": "https://registry.npmjs.org/punycode.js/-/punycode.js-2.3.1.tgz",
            "integrity": "sha512-uxFIHU0YlHYhDQtV4R9J6a52SLx28BCjT+4ieh7IGbgwVJWO+km431c4yRlREUAsAmt/uMjQUyQHNEPf0M39CA==",
            "license": "MIT",
            "engines": {
                "node": ">=6"
            }
        },
        "node_modules/semver": {
            "version": "7.8.1",
            "resolved": "https://registry.npmjs.org/semver/-/semver-7.8.1.tgz",
            "integrity": "sha512-rkVq3IXh+4FDGch+KwzX3aV9W3kO54GyEgpvBzSyctDA6Xtd7RJQV1xmXbeQp5v7+VzLOfVqiutSE6GICgPFvg==",
            "license": "ISC",
            "bin": {
                "semver": "bin/semver.js"
            },
            "engines": {
                "node": ">=10"
            }
        },
        "node_modules/tagged-tag": {
            "version": "1.0.0",
            "resolved": "https://registry.npmjs.org/tagged-tag/-/tagged-tag-1.0.0.tgz",
            "integrity": "sha512-yEFYrVhod+hdNyx7g5Bnkkb0G6si8HJurOoOEgC8B/O0uXLHlaey/65KRv6cuWBNhBgHKAROVpc7QyYqE5gFng==",
            "license": "MIT",
            "engines": {
                "node": ">=20"
            },
            "funding": {
                "url": "https://github.com/sponsors/sindresorhus"
            }
        },
        "node_modules/tinyglobby": {
            "version": "0.2.16",
            "resolved": "https://registry.npmjs.org/tinyglobby/-/tinyglobby-0.2.16.tgz",
            "integrity": "sha512-pn99VhoACYR8nFHhxqix+uvsbXineAasWm5ojXoN8xEwK5Kd3/TrhNn1wByuD52UxWRLy8pu+kRMniEi6Eq9Zg==",
            "license": "MIT",
            "dependencies": {
                "fdir": "^6.5.0",
                "picomatch": "^4.0.4"
            },
            "engines": {
                "node": ">=12.0.0"
            },
            "funding": {
                "url": "https://github.com/sponsors/SuperchupuDev"
            }
        },
        "node_modules/ts-api-utils": {
            "version": "2.5.0",
            "resolved": "https://registry.npmjs.org/ts-api-utils/-/ts-api-utils-2.5.0.tgz",
            "integrity": "sha512-OJ/ibxhPlqrMM0UiNHJ/0CKQkoKF243/AEmplt3qpRgkW8VG7IfOS41h7V8TjITqdByHzrjcS/2si+y4lIh8NA==",
            "license": "MIT",
            "engines": {
                "node": ">=18.12"
            },
            "peerDependencies": {
                "typescript": ">=4.8.4"
            }
        },
        "node_modules/type-fest": {
            "version": "5.7.0",
            "resolved": "https://registry.npmjs.org/type-fest/-/type-fest-5.7.0.tgz",
            "integrity": "sha512-1URUxUqfHFM1c+zfSPsa3gnkO7Aq21qyH75SIduNYz4SzY964rn1X2vCMQaHSHhktiw+0kPa2iyb6PUpXqB6Vg==",
            "license": "(MIT OR CC0-1.0)",
            "dependencies": {
                "tagged-tag": "^1.0.0"
            },
            "engines": {
                "node": ">=20"
            },
            "funding": {
                "url": "https://github.com/sponsors/sindresorhus"
            }
        },
        "node_modules/typedoc": {
            "version": "0.28.19",
            "resolved": "https://registry.npmjs.org/typedoc/-/typedoc-0.28.19.tgz",
            "integrity": "sha512-wKh+lhdmMFivMlc6vRRcMGXeGEHGU2g8a2CkPTJjJlwRf1iXbimWIPcFolCqe4E0d/FRtGszpIrsp3WLpDB8Pw==",
            "license": "Apache-2.0",
            "dependencies": {
                "@gerrit0/mini-shiki": "^3.23.0",
                "lunr": "^2.3.9",
                "markdown-it": "^14.1.1",
                "minimatch": "^10.2.5",
                "yaml": "^2.8.3"
            },
            "bin": {
                "typedoc": "bin/typedoc"
            },
            "engines": {
                "node": ">= 18",
                "pnpm": ">= 10"
            },
            "peerDependencies": {
                "typescript": "5.0.x || 5.1.x || 5.2.x || 5.3.x || 5.4.x || 5.5.x || 5.6.x || 5.7.x || 5.8.x || 5.9.x || 6.0.x"
            }
        },
        "node_modules/typedoc-github-theme": {
            "version": "0.4.0",
            "resolved": "https://registry.npmjs.org/typedoc-github-theme/-/typedoc-github-theme-0.4.0.tgz",
            "integrity": "sha512-lo/hr4EFZxq0SsMGeAscKUzljIKFgrJf5fb4nOAJcqaiSShQv7kzwF6M1s2fVRvUyx6UsmD4zEb+MtKkbucYpg==",
            "license": "MIT",
            "engines": {
                "node": ">=18.0.0"
            },
            "peerDependencies": {
                "typedoc": "~0.28.0"
            }
        },
        "node_modules/typescript": {
            "version": "6.0.3",
            "resolved": "https://registry.npmjs.org/typescript/-/typescript-6.0.3.tgz",
            "integrity": "sha512-y2TvuxSZPDyQakkFRPZHKFm+KKVqIisdg9/CZwm9ftvKXLP8NRWj38/ODjNbr43SsoXqNuAisEf1GdCxqWcdBw==",
            "license": "Apache-2.0",
            "bin": {
                "tsc": "bin/tsc",
                "tsserver": "bin/tsserver"
            },
            "engines": {
                "node": ">=14.17"
            }
        },
        "node_modules/uc.micro": {
            "version": "2.1.0",
            "resolved": "https://registry.npmjs.org/uc.micro/-/uc.micro-2.1.0.tgz",
            "integrity": "sha512-ARDJmphmdvUk6Glw7y9DQ2bFkKBHwQHLi2lsaH6PPmz/Ka9sFOBsBluozhDltWmnv9u/cF6Rt87znRTPV+yp/A==",
            "license": "MIT"
        },
        "node_modules/undici-types": {
            "version": "8.3.0",
            "resolved": "https://registry.npmjs.org/undici-types/-/undici-types-8.3.0.tgz",
            "integrity": "sha512-j375ScV60dom+YkPFIfTLcOiPxkN/buHz5GobjLhixFuANaNs3C9l4GmrWqejgXWJ7BbJcFYpTEUkS1Ge8bpZQ==",
            "dev": true,
            "license": "MIT"
        },
        "node_modules/yaml": {
            "version": "2.8.3",
            "resolved": "https://registry.npmjs.org/yaml/-/yaml-2.8.3.tgz",
            "integrity": "sha512-AvbaCLOO2Otw/lW5bmh9d/WEdcDFdQp2Z2ZUH3pX9U2ihyUY0nvLv7J6TrWowklRGPYbB/IuIMfYgxaCPg5Bpg==",
            "license": "ISC",
            "bin": {
                "yaml": "bin.mjs"
            },
            "engines": {
                "node": ">= 14.6"
            },
            "funding": {
                "url": "https://github.com/sponsors/eemeli"
            }
        }
    }
}
